{
  "requires": true,
  "lockfileVersion": 1,
  "dependencies": {
    "react-navigation-drawer": {
      "version": "2.7.0",
      "resolved": "https://registry.npmjs.org/react-navigation-drawer/-/react-navigation-drawer-2.7.0.tgz",
      "integrity": "sha512-BKQSTpFPGVI3caFlIbY921NYTRDAf9XFCCmyy4aDlxZLI5FNh8FqzrG10voc5AGy7RegjLdNkkJa40ugu0I5jA=="
    }
  }
}
